// !$*UTF8*$!
{
	archiveVersion = 1;
	classes = {
	};
	objectVersion = 55;
	objects = {

/* Begin PBXBuildFile section */
		943F0FE0277B526700E3CFC1 /* AppDelegate.swift in Sources */ = {isa = PBXBuildFile; fileRef = 943F0FDF277B526700E3CFC1 /* AppDelegate.swift */; };
		943F0FE2277B526700E3CFC1 /* SceneDelegate.swift in Sources */ = {isa = PBXBuildFile; fileRef = 943F0FE1277B526700E3CFC1 /* SceneDelegate.swift */; };
		943F0FE4277B526700E3CFC1 /* ViewController.swift in Sources */ = {isa = PBXBuildFile; fileRef = 943F0FE3277B526700E3CFC1 /* ViewController.swift */; };
		943F0FE7277B526700E3CFC1 /* Main.storyboard in Resources */ = {isa = PBXBuildFile; fileRef = 943F0FE5277B526700E3CFC1 /* Main.storyboard */; };
		943F0FEA277B526700E3CFC1 /* task2.xcdatamodeld in Sources */ = {isa = PBXBuildFile; fileRef = 943F0FE8277B526700E3CFC1 /* task2.xcdatamodeld */; };
		943F0FEC277B526900E3CFC1 /* Assets.xcassets in Resources */ = {isa = PBXBuildFile; fileRef = 943F0FEB277B526900E3CFC1 /* Assets.xcassets */; };
		943F0FEF277B526900E3CFC1 /* LaunchScreen.storyboard in Resources */ = {isa = PBXBuildFile; fileRef = 943F0FED277B526900E3CFC1 /* LaunchScreen.storyboard */; };
		943F0FFA277B526A00E3CFC1 /* task2Tests.swift in Sources */ = {isa = PBXBuildFile; fileRef = 943F0FF9277B526A00E3CFC1 /* task2Tests.swift */; };
		943F1004277B526A00E3CFC1 /* task2UITests.swift in Sources */ = {isa = PBXBuildFile; fileRef = 943F1003277B526A00E3CFC1 /* task2UITests.swift */; };
		943F1006277B526A00E3CFC1 /* task2UITestsLaunchTests.swift in Sources */ = {isa = PBXBuildFile; fileRef = 943F1005277B526A00E3CFC1 /* task2UITestsLaunchTests.swift */; };
/* End PBXBuildFile section */

/* Begin PBXContainerItemProxy section */
		943F0FF6277B526A00E3CFC1 /* PBXContainerItemProxy */ = {
			isa = PBXContainerItemProxy;
			containerPortal = 943F0FD4277B526700E3CFC1 /* Project object */;
			proxyType = 1;
			remoteGlobalIDString = 943F0FDB277B526700E3CFC1;
			remoteInfo = task2;
		};
		943F1000277B526A00E3CFC1 /* PBXContainerItemProxy */ = {
			isa = PBXContainerItemProxy;
			containerPortal = 943F0FD4277B526700E3CFC1 /* Project object */;
			proxyType = 1;
			remoteGlobalIDString = 943F0FDB277B526700E3CFC1;
			remoteInfo = task2;
		};
/* End PBXContainerItemProxy section */

/* Begin PBXFileReference section */
		943F0FDC277B526700E3CFC1 /* task2.app */ = {isa = PBXFileReference; explicitFileType = wrapper.application; includeInIndex = 0; path = task2.app; sourceTree = BUILT_PRODUCTS_DIR; };
		943F0FDF277B526700E3CFC1 /* AppDelegate.swift */ = {isa = PBXFileReference; lastKnownFileType = sourcecode.swift; path = AppDelegate.swift; sourceTree = "<group>"; };
		943F0FE1277B526700E3CFC1 /* SceneDelegate.swift */ = {isa = PBXFileReference; lastKnownFileType = sourcecode.swift; path = SceneDelegate.swift; sourceTree = "<group>"; };
		943F0FE3277B526700E3CFC1 /* ViewController.swift */ = {isa = PBXFileReference; lastKnownFileType = sourcecode.swift; path = ViewController.swift; sourceTree = "<group>"; };
		943F0FE6277B526700E3CFC1 /* Base */ = {isa = PBXFileReference; lastKnownFileType = file.storyboard; name = Base; path = Base.lproj/Main.storyboard; sourceTree = "<group>"; };
		943F0FE9277B526700E3CFC1 /* task2.xcdatamodel */ = {isa = PBXFileReference; lastKnownFileType = wrapper.xcdatamodel; path = task2.xcdatamodel; sourceTree = "<group>"; };
		943F0FEB277B526900E3CFC1 /* Assets.xcassets */ = {isa = PBXFileReference; lastKnownFileType = folder.assetcatalog; path = Assets.xcassets; sourceTree = "<group>"; };
		943F0FEE277B526900E3CFC1 /* Base */ = {isa = PBXFileReference; lastKnownFileType = file.storyboard; name = Base; path = Base.lproj/LaunchScreen.storyboard; sourceTree = "<group>"; };
		943F0FF0277B526900E3CFC1 /* Info.plist */ = {isa = PBXFileReference; lastKnownFileType = text.plist.xml; path = Info.plist; sourceTree = "<group>"; };
		943F0FF5277B526A00E3CFC1 /* task2Tests.xctest */ = {isa = PBXFileReference; explicitFileType = wrapper.cfbundle; includeInIndex = 0; path = task2Tests.xctest; sourceTree = BUILT_PRODUCTS_DIR; };
		943F0FF9277B526A00E3CFC1 /* task2Tests.swift */ = {isa = PBXFileReference; lastKnownFileType = sourcecode.swift; path = task2Tests.swift; sourceTree = "<group>"; };
		943F0FFF277B526A00E3CFC1 /* task2UITests.xctest */ = {isa = PBXFileReference; explicitFileType = wrapper.cfbundle; includeInIndex = 0; path = task2UITests.xctest; sourceTree = BUILT_PRODUCTS_DIR; };
		943F1003277B526A00E3CFC1 /* task2UITests.swift */ = {isa = PBXFileReference; lastKnownFileType = sourcecode.swift; path = task2UITests.swift; sourceTree = "<group>"; };
		943F1005277B526A00E3CFC1 /* task2UITestsLaunchTests.swift */ = {isa = PBXFileReference; lastKnownFileType = sourcecode.swift; path = task2UITestsLaunchTests.swift; sourceTree = "<group>"; };
/* End PBXFileReference section */

/* Begin PBXFrameworksBuildPhase section */
		943F0FD9277B526700E3CFC1 /* Frameworks */ = {
			isa = PBXFrameworksBuildPhase;
			buildActionMask = 2147483647;
			files = (
			);
			runOnlyForDeploymentPostprocessing = 0;
		};
		943F0FF2277B526A00E3CFC1 /* Frameworks */ = {
			isa = PBXFrameworksBuildPhase;
			buildActionMask = 2147483647;
			files = (
			);
			runOnlyForDeploymentPostprocessing = 0;
		};
		943F0FFC277B526A00E3CFC1 /* Frameworks */ = {
			isa = PBXFrameworksBuildPhase;
			buildActionMask = 2147483647;
			files = (
			);
			runOnlyForDeploymentPostprocessing = 0;
		};
/* End PBXFrameworksBuildPhase section */

/* Begin PBXGroup section */
		943F0FD3277B526700E3CFC1 = {
			isa = PBXGroup;
			children = (
				943F0FDE277B526700E3CFC1 /* task2 */,
				943F0FF8277B526A00E3CFC1 /* task2Tests */,
				943F1002277B526A00E3CFC1 /* task2UITests */,
				943F0FDD277B526700E3CFC1 /* Products */,
			);
			sourceTree = "<group>";
		};
		943F0FDD277B526700E3CFC1 /* Products */ = {
			isa = PBXGroup;
			children = (
				943F0FDC277B526700E3CFC1 /* task2.app */,
				943F0FF5277B526A00E3CFC1 /* task2Tests.xctest */,
				943F0FFF277B526A00E3CFC1 /* task2UITests.xctest */,
			);
			name = Products;
			sourceTree = "<group>";
		};
		943F0FDE277B526700E3CFC1 /* task2 */ = {
			isa = PBXGroup;
			children = (
				943F0FDF277B526700E3CFC1 /* AppDelegate.swift */,
				943F0FE1277B526700E3CFC1 /* SceneDelegate.swift */,
				943F0FE3277B526700E3CFC1 /* ViewController.swift */,
				943F0FE5277B526700E3CFC1 /* Main.storyboard */,
				943F0FEB277B526900E3CFC1 /* Assets.xcassets */,
				943F0FED277B526900E3CFC1 /* LaunchScreen.storyboard */,
				943F0FF0277B526900E3CFC1 /* Info.plist */,
				943F0FE8277B526700E3CFC1 /* task2.xcdatamodeld */,
			);
			path = task2;
			sourceTree = "<group>";
		};
		943F0FF8277B526A00E3CFC1 /* task2Tests */ = {
			isa = PBXGroup;
			children = (
				943F0FF9277B526A00E3CFC1 /* task2Tests.swift */,
			);
			path = task2Tests;
			sourceTree = "<group>";
		};
		943F1002277B526A00E3CFC1 /* task2UITests */ = {
			isa = PBXGroup;
			children = (
				943F1003277B526A00E3CFC1 /* task2UITests.swift */,
				943F1005277B526A00E3CFC1 /* task2UITestsLaunchTests.swift */,
			);
			path = task2UITests;
			sourceTree = "<group>";
		};
/* End PBXGroup section */

/* Begin PBXNativeTarget section */
		943F0FDB277B526700E3CFC1 /* task2 */ = {
			isa = PBXNativeTarget;
			buildConfigurationList = 943F1009277B526A00E3CFC1 /* Build configuration list for PBXNativeTarget "task2" */;
			buildPhases = (
				943F0FD8277B526700E3CFC1 /* Sources */,
				943F0FD9277B526700E3CFC1 /* Frameworks */,
				943F0FDA277B526700E3CFC1 /* Resources */,
			);
			buildRules = (
			);
			dependencies = (
			);
			name = task2;
			productName = task2;
			productReference = 943F0FDC277B526700E3CFC1 /* task2.app */;
			productType = "com.apple.product-type.application";
		};
		943F0FF4277B526A00E3CFC1 /* task2Tests */ = {
			isa = PBXNativeTarget;
			buildConfigurationList = 943F100C277B526A00E3CFC1 /* Build configuration list for PBXNativeTarget "task2Tests" */;
			buildPhases = (
				943F0FF1277B526A00E3CFC1 /* Sources */,
				943F0FF2277B526A00E3CFC1 /* Frameworks */,
				943F0FF3277B526A00E3CFC1 /* Resources */,
			);
			buildRules = (
			);
			dependencies = (
				943F0FF7277B526A00E3CFC1 /* PBXTargetDependency */,
			);
			name = task2Tests;
			productName = task2Tests;
			productReference = 943F0FF5277B526A00E3CFC1 /* task2Tests.xctest */;
			productType = "com.apple.product-type.bundle.unit-test";
		};
		943F0FFE277B526A00E3CFC1 /* task2UITests */ = {
			isa = PBXNativeTarget;
			buildConfigurationList = 943F100F277B526A00E3CFC1 /* Build configuration list for PBXNativeTarget "task2UITests" */;
			buildPhases = (
				943F0FFB277B526A00E3CFC1 /* Sources */,
				943F0FFC277B526A00E3CFC1 /* Frameworks */,
				943F0FFD277B526A00E3CFC1 /* Resources */,
			);
			buildRules = (
			);
			dependencies = (
				943F1001277B526A00E3CFC1 /* PBXTargetDependency */,
			);
			name = task2UITests;
			productName = task2UITests;
			productReference = 943F0FFF277B526A00E3CFC1 /* task2UITests.xctest */;
			productType = "com.apple.product-type.bundle.ui-testing";
		};
/* End PBXNativeTarget section */

/* Begin PBXProject section */
		943F0FD4277B526700E3CFC1 /* Project object */ = {
			isa = PBXProject;
			attributes = {
				BuildIndependentTargetsInParallel = 1;
				LastSwiftUpdateCheck = 1310;
				LastUpgradeCheck = 1310;
				TargetAttributes = {
					943F0FDB277B526700E3CFC1 = {
						CreatedOnToolsVersion = 13.1;
					};
					943F0FF4277B526A00E3CFC1 = {
						CreatedOnToolsVersion = 13.1;
						TestTargetID = 943F0FDB277B526700E3CFC1;
					};
					943F0FFE277B526A00E3CFC1 = {
						CreatedOnToolsVersion = 13.1;
						TestTargetID = 943F0FDB277B526700E3CFC1;
					};
				};
			};
			buildConfigurationList = 943F0FD7277B526700E3CFC1 /* Build configuration list for PBXProject "task2" */;
			compatibilityVersion = "Xcode 13.0";
			developmentRegion = en;
			hasScannedForEncodings = 0;
			knownRegions = (
				en,
				Base,
			);
			mainGroup = 943F0FD3277B526700E3CFC1;
			productRefGroup = 943F0FDD277B526700E3CFC1 /* Products */;
			projectDirPath = "";
			projectRoot = "";
			targets = (
				943F0FDB277B526700E3CFC1 /* task2 */,
				943F0FF4277B526A00E3CFC1 /* task2Tests */,
				943F0FFE277B526A00E3CFC1 /* task2UITests */,
			);
		};
/* End PBXProject section */

/* Begin PBXResourcesBuildPhase section */
		943F0FDA277B526700E3CFC1 /* Resources */ = {
			isa = PBXResourcesBuildPhase;
			buildActionMask = 2147483647;
			files = (
				943F0FEF277B526900E3CFC1 /* LaunchScreen.storyboard in Resources */,
				943F0FEC277B526900E3CFC1 /* Assets.xcassets in Resources */,
				943F0FE7277B526700E3CFC1 /* Main.storyboard in Resources */,
			);
			runOnlyForDeploymentPostprocessing = 0;
		};
		943F0FF3277B526A00E3CFC1 /* Resources */ = {
			isa = PBXResourcesBuildPhase;
			buildActionMask = 2147483647;
			files = (
			);
			runOnlyForDeploymentPostprocessing = 0;
		};
		943F0FFD277B526A00E3CFC1 /* Resources */ = {
			isa = PBXResourcesBuildPhase;
			buildActionMask = 2147483647;
			files = (
			);
			runOnlyForDeploymentPostprocessing = 0;
		};
/* End PBXResourcesBuildPhase section */

/* Begin PBXSourcesBuildPhase section */
		943F0FD8277B526700E3CFC1 /* Sources */ = {
			isa = PBXSourcesBuildPhase;
			buildActionMask = 2147483647;
			files = (
				943F0FE4277B526700E3CFC1 /* ViewController.swift in Sources */,
				943F0FE0277B526700E3CFC1 /* AppDelegate.swift in Sources */,
				943F0FE2277B526700E3CFC1 /* SceneDelegate.swift in Sources */,
				943F0FEA277B526700E3CFC1 /* task2.xcdatamodeld in Sources */,
			);
			runOnlyForDeploymentPostprocessing = 0;
		};
		943F0FF1277B526A00E3CFC1 /* Sources */ = {
			isa = PBXSourcesBuildPhase;
			buildActionMask = 2147483647;
			files = (
				943F0FFA277B526A00E3CFC1 /* task2Tests.swift in Sources */,
			);
			runOnlyForDeploymentPostprocessing = 0;
		};
		943F0FFB277B526A00E3CFC1 /* Sources */ = {
			isa = PBXSourcesBuildPhase;
			buildActionMask = 2147483647;
			files = (
				943F1006277B526A00E3CFC1 /* task2UITestsLaunchTests.swift in Sources */,
				943F1004277B526A00E3CFC1 /* task2UITests.swift in Sources */,
			);
			runOnlyForDeploymentPostprocessing = 0;
		};
/* End PBXSourcesBuildPhase section */

/* Begin PBXTargetDependency section */
		943F0FF7277B526A00E3CFC1 /* PBXTargetDependency */ = {
			isa = PBXTargetDependency;
			target = 943F0FDB277B526700E3CFC1 /* task2 */;
			targetProxy = 943F0FF6277B526A00E3CFC1 /* PBXContainerItemProxy */;
		};
		943F1001277B526A00E3CFC1 /* PBXTargetDependency */ = {
			isa = PBXTargetDependency;
			target = 943F0FDB277B526700E3CFC1 /* task2 */;
			targetProxy = 943F1000277B526A00E3CFC1 /* PBXContainerItemProxy */;
		};
/* End PBXTargetDependency section */

/* Begin PBXVariantGroup section */
		943F0FE5277B526700E3CFC1 /* Main.storyboard */ = {
			isa = PBXVariantGroup;
			children = (
				943F0FE6277B526700E3CFC1 /* Base */,
			);
			name = Main.storyboard;
			sourceTree = "<group>";
		};
		943F0FED277B526900E3CFC1 /* LaunchScreen.storyboard */ = {
			isa = PBXVariantGroup;
			children = (
				943F0FEE277B526900E3CFC1 /* Base */,
			);
			name = LaunchScreen.storyboard;
			sourceTree = "<group>";
		};
/* End PBXVariantGroup section */

/* Begin XCBuildConfiguration section */
		943F1007277B526A00E3CFC1 /* Debug */ = {
			isa = XCBuildConfiguration;
			buildSettings = {
				ALWAYS_SEARCH_USER_PATHS = NO;
				CLANG_ANALYZER_NONNULL = YES;
				CLANG_ANALYZER_NUMBER_OBJECT_CONVERSION = YES_AGGRESSIVE;
				CLANG_CXX_LANGUAGE_STANDARD = "gnu++17";
				CLANG_CXX_LIBRARY = "libc++";
				CLANG_ENABLE_MODULES = YES;
				CLANG_ENABLE_OBJC_ARC = YES;
				CLANG_ENABLE_OBJC_WEAK = YES;
				CLANG_WARN_BLOCK_CAPTURE_AUTORELEASING = YES;
				CLANG_WARN_BOOL_CONVERSION = YES;
				CLANG_WARN_COMMA = YES;
				CLANG_WARN_CONSTANT_CONVERSION = YES;
				CLANG_WARN_DEPRECATED_OBJC_IMPLEMENTATIONS = YES;
				CLANG_WARN_DIRECT_OBJC_ISA_USAGE = YES_ERROR;
				CLANG_WARN_DOCUMENTATION_COMMENTS = YES;
				CLANG_WARN_EMPTY_BODY = YES;
				CLANG_WARN_ENUM_CONVERSION = YES;
				CLANG_WARN_INFINITE_RECURSION = YES;
				CLANG_WARN_INT_CONVERSION = YES;
				CLANG_WARN_NON_LITERAL_NULL_CONVERSION = YES;
				CLANG_WARN_OBJC_IMPLICIT_RETAIN_SELF = YES;
				CLANG_WARN_OBJC_LITERAL_CONVERSION = YES;
				CLANG_WARN_OBJC_ROOT_CLASS = YES_ERROR;
				CLANG_WARN_QUOTED_INCLUDE_IN_FRAMEWORK_HEADER = YES;
				CLANG_WARN_RANGE_LOOP_ANALYSIS = YES;
				CLANG_WARN_STRICT_PROTOTYPES = YES;
				CLANG_WARN_SUSPICIOUS_MOVE = YES;
				CLANG_WARN_UNGUARDED_AVAILABILITY = YES_AGGRESSIVE;
				CLANG_WARN_UNREACHABLE_CODE = YES;
				CLANG_WARN__DUPLICATE_METHOD_MATCH = YES;
				COPY_PHASE_STRIP = NO;
				DEBUG_INFORMATION_FORMAT = dwarf;
				ENABLE_STRICT_OBJC_MSGSEND = YES;
				ENABLE_TESTABILITY = YES;
				GCC_C_LANGUAGE_STANDARD = gnu11;
				GCC_DYNAMIC_NO_PIC = NO;
				GCC_NO_COMMON_BLOCKS = YES;
				GCC_OPTIMIZATION_LEVEL = 0;
				GCC_PREPROCESSOR_DEFINITIONS = (
					"DEBUG=1",
					"$(inherited)",
				);
				GCC_WARN_64_TO_32_BIT_CONVERSION = YES;
				GCC_WARN_ABOUT_RETURN_TYPE = YES_ERROR;
				GCC_WARN_UNDECLARED_SELECTOR = YES;
				GCC_WARN_UNINITIALIZED_AUTOS = YES_AGGRESSIVE;
				GCC_WARN_UNUSED_FUNCTION = YES;
				GCC_WARN_UNUSED_VARIABLE = YES;
				IPHONEOS_DEPLOYMENT_TARGET = 15.0;
				MTL_ENABLE_DEBUG_INFO = INCLUDE_SOURCE;
				MTL_FAST_MATH = YES;
				ONLY_ACTIVE_ARCH = YES;
				SDKROOT = iphoneos;
				SWIFT_ACTIVE_COMPILATION_CONDITIONS = DEBUG;
				SWIFT_OPTIMIZATION_LEVEL = "-Onone";
			};
			name = Debug;
		};
		943F1008277B526A00E3CFC1 /* Release */ = {
			isa = XCBuildConfiguration;
			buildSettings = {
				ALWAYS_SEARCH_USER_PATHS = NO;
				CLANG_ANALYZER_NONNULL = YES;
				CLANG_ANALYZER_NUMBER_OBJECT_CONVERSION = YES_AGGRESSIVE;
				CLANG_CXX_LANGUAGE_STANDARD = "gnu++17";
				CLANG_CXX_LIBRARY = "libc++";
				CLANG_ENABLE_MODULES = YES;
				CLANG_ENABLE_OBJC_ARC = YES;
				CLANG_ENABLE_OBJC_WEAK = YES;
				CLANG_WARN_BLOCK_CAPTURE_AUTORELEASING = YES;
				CLANG_WARN_BOOL_CONVERSION = YES;
				CLANG_WARN_COMMA = YES;
				CLANG_WARN_CONSTANT_CONVERSION = YES;
				CLANG_WARN_DEPRECATED_OBJC_IMPLEMENTATIONS = YES;
				CLANG_WARN_DIRECT_OBJC_ISA_USAGE = YES_ERROR;
				CLANG_WARN_DOCUMENTATION_COMMENTS = YES;
				CLANG_WARN_EMPTY_BODY = YES;
				CLANG_WARN_ENUM_CONVERSION = YES;
				CLANG_WARN_INFINITE_RECURSION = YES;
				CLANG_WARN_INT_CONVERSION = YES;
				CLANG_WARN_NON_LITERAL_NULL_CONVERSION = YES;
				CLANG_WARN_OBJC_IMPLICIT_RETAIN_SELF = YES;
				CLANG_WARN_OBJC_LITERAL_CONVERSION = YES;
				CLANG_WARN_OBJC_ROOT_CLASS = YES_ERROR;
				CLANG_WARN_QUOTED_INCLUDE_IN_FRAMEWORK_HEADER = YES;
				CLANG_WARN_RANGE_LOOP_ANALYSIS = YES;
				CLANG_WARN_STRICT_PROTOTYPES = YES;
				CLANG_WARN_SUSPICIOUS_MOVE = YES;
				CLANG_WARN_UNGUARDED_AVAILABILITY = YES_AGGRESSIVE;
				CLANG_WARN_UNREACHABLE_CODE = YES;
				CLANG_WARN__DUPLICATE_METHOD_MATCH = YES;
				COPY_PHASE_STRIP = NO;
				DEBUG_INFORMATION_FORMAT = "dwarf-with-dsym";
				ENABLE_NS_ASSERTIONS = NO;
				ENABLE_STRICT_OBJC_MSGSEND = YES;
				GCC_C_LANGUAGE_STANDARD = gnu11;
				GCC_NO_COMMON_BLOCKS = YES;
				GCC_WARN_64_TO_32_BIT_CONVERSION = YES;
				GCC_WARN_ABOUT_RETURN_TYPE = YES_ERROR;
				GCC_WARN_UNDECLARED_SELECTOR = YES;
				GCC_WARN_UNINITIALIZED_AUTOS = YES_AGGRESSIVE;
				GCC_WARN_UNUSED_FUNCTION = YES;
				GCC_WARN_UNUSED_VARIABLE = YES;
				IPHONEOS_DEPLOYMENT_TARGET = 15.0;
				MTL_ENABLE_DEBUG_INFO = NO;
				MTL_FAST_MATH = YES;
				SDKROOT = iphoneos;
				SWIFT_COMPILATION_MODE = wholemodule;
				SWIFT_OPTIMIZATION_LEVEL = "-O";
				VALIDATE_PRODUCT = YES;
			};
			name = Release;
		};
		943F100A277B526A00E3CFC1 /* Debug */ = {
			isa = XCBuildConfiguration;
			buildSettings = {
				ASSETCATALOG_COMPILER_APPICON_NAME = AppIcon;
				ASSETCATALOG_COMPILER_GLOBAL_ACCENT_COLOR_NAME = AccentColor;
				CODE_SIGN_STYLE = Automatic;
				CURRENT_PROJECT_VERSION = 1;
				DEVELOPMENT_TEAM = 87FAUF88K9;
				GENERATE_INFOPLIST_FILE = YES;
				INFOPLIST_FILE = task2/Info.plist;
				INFOPLIST_KEY_UIApplicationSupportsIndirectInputEvents = YES;
				INFOPLIST_KEY_UILaunchStoryboardName = LaunchScreen;
				INFOPLIST_KEY_UIMainStoryboardFile = Main;
				INFOPLIST_KEY_UISupportedInterfaceOrientations_iPad = "UIInterfaceOrientationPortrait UIInterfaceOrientationPortraitUpsideDown UIInterfaceOrientationLandscapeLeft UIInterfaceOrientationLandscapeRight";
				INFOPLIST_KEY_UISupportedInterfaceOrientations_iPhone = "UIInterfaceOrientationPortrait UIInterfaceOrientationLandscapeLeft UIInterfaceOrientationLandscapeRight";
				LD_RUNPATH_SEARCH_PATHS = (
					"$(inherited)",
					"@executable_path/Frameworks",
				);
				MARKETING_VERSION = 1.0;
				PRODUCT_BUNDLE_IDENTIFIER = as.task2;
				PRODUCT_NAME = "$(TARGET_NAME)";
				SWIFT_EMIT_LOC_STRINGS = YES;
				SWIFT_VERSION = 5.0;
				TARGETED_DEVICE_FAMILY = "1,2";
			};
			name = Debug;
		};
		943F100B277B526A00E3CFC1 /* Release */ = {
			isa = XCBuildConfiguration;
			buildSettings = {
				ASSETCATALOG_COMPILER_APPICON_NAME = AppIcon;
				ASSETCATALOG_COMPILER_GLOBAL_ACCENT_COLOR_NAME = AccentColor;
				CODE_SIGN_STYLE = Automatic;
				CURRENT_PROJECT_VERSION = 1;
				DEVELOPMENT_TEAM = 87FAUF88K9;
				GENERATE_INFOPLIST_FILE = YES;
				INFOPLIST_FILE = task2/Info.plist;
				INFOPLIST_KEY_UIApplicationSupportsIndirectInputEvents = YES;
				INFOPLIST_KEY_UILaunchStoryboardName = LaunchScreen;
				INFOPLIST_KEY_UIMainStoryboardFile = Main;
				INFOPLIST_KEY_UISupportedInterfaceOrientations_iPad = "UIInterfaceOrientationPortrait UIInterfaceOrientationPortraitUpsideDown UIInterfaceOrientationLandscapeLeft UIInterfaceOrientationLandscapeRight";
				INFOPLIST_KEY_UISupportedInterfaceOrientations_iPhone = "UIInterfaceOrientationPortrait UIInterfaceOrientationLandscapeLeft UIInterfaceOrientationLandscapeRight";
				LD_RUNPATH_SEARCH_PATHS = (
					"$(inherited)",
					"@executable_path/Frameworks",
				);
				MARKETING_VERSION = 1.0;
				PRODUCT_BUNDLE_IDENTIFIER = as.task2;
				PRODUCT_NAME = "$(TARGET_NAME)";
				SWIFT_EMIT_LOC_STRINGS = YES;
				SWIFT_VERSION = 5.0;
				TARGETED_DEVICE_FAMILY = "1,2";
			};
			name = Release;
		};
		943F100D277B526A00E3CFC1 /* Debug */ = {
			isa = XCBuildConfiguration;
			buildSettings = {
				ALWAYS_EMBED_SWIFT_STANDARD_LIBRARIES = YES;
				BUNDLE_LOADER = "$(TEST_HOST)";
				CODE_SIGN_STYLE = Automatic;
				CURRENT_PROJECT_VERSION = 1;
				DEVELOPMENT_TEAM = 87FAUF88K9;
				GENERATE_INFOPLIST_FILE = YES;
				IPHONEOS_DEPLOYMENT_TARGET = 15.0;
				LD_RUNPATH_SEARCH_PATHS = (
					"$(inherited)",
					"@executable_path/Frameworks",
					"@loader_path/Frameworks",
				);
				MARKETING_VERSION = 1.0;
				PRODUCT_BUNDLE_IDENTIFIER = as.task2Tests;
				PRODUCT_NAME = "$(TARGET_NAME)";
				SWIFT_EMIT_LOC_STRINGS = NO;
				SWIFT_VERSION = 5.0;
				TARGETED_DEVICE_FAMILY = "1,2";
				TEST_HOST = "$(BUILT_PRODUCTS_DIR)/task2.app/task2";
			};
			name = Debug;
		};
		943F100E277B526A00E3CFC1 /* Release */ = {
			isa = XCBuildConfiguration;
			buildSettings = {
				ALWAYS_EMBED_SWIFT_STANDARD_LIBRARIES = YES;
				BUNDLE_LOADER = "$(TEST_HOST)";
				CODE_SIGN_STYLE = Automatic;
				CURRENT_PROJECT_VERSION = 1;
				DEVELOPMENT_TEAM = 87FAUF88K9;
				GENERATE_INFOPLIST_FILE = YES;
				IPHONEOS_DEPLOYMENT_TARGET = 15.0;
				LD_RUNPATH_SEARCH_PATHS = (
					"$(inherited)",
					"@executable_path/Frameworks",
					"@loader_path/Frameworks",
				);
				MARKETING_VERSION = 1.0;
				PRODUCT_BUNDLE_IDENTIFIER = as.task2Tests;
				PRODUCT_NAME = "$(TARGET_NAME)";
				SWIFT_EMIT_LOC_STRINGS = NO;
				SWIFT_VERSION = 5.0;
				TARGETED_DEVICE_FAMILY = "1,2";
				TEST_HOST = "$(BUILT_PRODUCTS_DIR)/task2.app/task2";
			};
			name = Release;
		};
		943F1010277B526A00E3CFC1 /* Debug */ = {
			isa = XCBuildConfiguration;
			buildSettings = {
				ALWAYS_EMBED_SWIFT_STANDARD_LIBRARIES = YES;
				CODE_SIGN_STYLE = Automatic;
				CURRENT_PROJECT_VERSION = 1;
				DEVELOPMENT_TEAM = 87FAUF88K9;
				GENERATE_INFOPLIST_FILE = YES;
				LD_RUNPATH_SEARCH_PATHS = (
					"$(inherited)",
					"@executable_path/Frameworks",
					"@loader_path/Frameworks",
				);
				MARKETING_VERSION = 1.0;
				PRODUCT_BUNDLE_IDENTIFIER = as.task2UITests;
				PRODUCT_NAME = "$(TARGET_NAME)";
				SWIFT_EMIT_LOC_STRINGS = NO;
				SWIFT_VERSION = 5.0;
				TARGETED_DEVICE_FAMILY = "1,2";
				TEST_TARGET_NAME = task2;
			};
			name = Debug;
		};
		943F1011277B526A00E3CFC1 /* Release */ = {
			isa = XCBuildConfiguration;
			buildSettings = {
				ALWAYS_EMBED_SWIFT_STANDARD_LIBRARIES = YES;
				CODE_SIGN_STYLE = Automatic;
				CURRENT_PROJECT_VERSION = 1;
				DEVELOPMENT_TEAM = 87FAUF88K9;
				GENERATE_INFOPLIST_FILE = YES;
				LD_RUNPATH_SEARCH_PATHS = (
					"$(inherited)",
					"@executable_path/Frameworks",
					"@loader_path/Frameworks",
				);
				MARKETING_VERSION = 1.0;
				PRODUCT_BUNDLE_IDENTIFIER = as.task2UITests;
				PRODUCT_NAME = "$(TARGET_NAME)";
				SWIFT_EMIT_LOC_STRINGS = NO;
				SWIFT_VERSION = 5.0;
				TARGETED_DEVICE_FAMILY = "1,2";
				TEST_TARGET_NAME = task2;
			};
			name = Release;
		};
/* End XCBuildConfiguration section */

/* Begin XCConfigurationList section */
		943F0FD7277B526700E3CFC1 /* Build configuration list for PBXProject "task2" */ = {
			isa = XCConfigurationList;
			buildConfigurations = (
				943F1007277B526A00E3CFC1 /* Debug */,
				943F1008277B526A00E3CFC1 /* Release */,
			);
			defaultConfigurationIsVisible = 0;
			defaultConfigurationName = Release;
		};
		943F1009277B526A00E3CFC1 /* Build configuration list for PBXNativeTarget "task2" */ = {
			isa = XCConfigurationList;
			buildConfigurations = (
				943F100A277B526A00E3CFC1 /* Debug */,
				943F100B277B526A00E3CFC1 /* Release */,
			);
			defaultConfigurationIsVisible = 0;
			defaultConfigurationName = Release;
		};
		943F100C277B526A00E3CFC1 /* Build configuration list for PBXNativeTarget "task2Tests" */ = {
			isa = XCConfigurationList;
			buildConfigurations = (
				943F100D277B526A00E3CFC1 /* Debug */,
				943F100E277B526A00E3CFC1 /* Release */,
			);
			defaultConfigurationIsVisible = 0;
			defaultConfigurationName = Release;
		};
		943F100F277B526A00E3CFC1 /* Build configuration list for PBXNativeTarget "task2UITests" */ = {
			isa = XCConfigurationList;
			buildConfigurations = (
				943F1010277B526A00E3CFC1 /* Debug */,
				943F1011277B526A00E3CFC1 /* Release */,
			);
			defaultConfigurationIsVisible = 0;
			defaultConfigurationName = Release;
		};
/* End XCConfigurationList section */

/* Begin XCVersionGroup section */
		943F0FE8277B526700E3CFC1 /* task2.xcdatamodeld */ = {
			isa = XCVersionGroup;
			children = (
				943F0FE9277B526700E3CFC1 /* task2.xcdatamodel */,
			);
			currentVersion = 943F0FE9277B526700E3CFC1 /* task2.xcdatamodel */;
			path = task2.xcdatamodeld;
			sourceTree = "<group>";
			versionGroupType = wrapper.xcdatamodel;
		};
/* End XCVersionGroup section */
	};
	rootObject = 943F0FD4277B526700E3CFC1 /* Project object */;
}
